{
  "nodes": {
    "agenix": {
      "inputs": {
        "darwin": "darwin",
        "home-manager": "home-manager",
        "nixpkgs": "nixpkgs",
        "systems": "systems"
      },
      "locked": {
        "lastModified": 1762618334,
        "narHash": "sha256-wyT7Pl6tMFbFrs8Lk/TlEs81N6L+VSybPfiIgzU8lbQ=",
        "owner": "ryantm",
        "repo": "agenix",
        "rev": "fcdea223397448d35d9b31f798479227e80183f6",
        "type": "github"
      },
      "original": {
        "owner": "ryantm",
        "repo": "agenix",
        "type": "github"
      }
    },
    "copyparty": {
      "inputs": {
        "flake-utils": "flake-utils",
        "nixpkgs": "nixpkgs_2"
      },
      "locked": {
        "lastModified": 1769377216,
        "narHash": "sha256-8of5q8+n9hWWQp7nE+gCquhaCbZ8nsocl5bxxw7BRQ0=",
        "owner": "9001",
        "repo": "copyparty",
        "rev": "b6bf6d5f7a5c10a00d161daff9b82fcfdf3d508e",
        "type": "github"
      },
      "original": {
        "owner": "9001",
        "repo": "copyparty",
        "type": "github"
      }
    },
    "darwin": {
      "inputs": {
        "nixpkgs": [
          "agenix",
          "nixpkgs"
        ]
      },
      "locked": {
        "lastModified": 1744478979,
        "narHash": "sha256-dyN+teG9G82G+m+PX/aSAagkC+vUv0SgUw3XkPhQodQ=",
        "owner": "lnl7",
        "repo": "nix-darwin",
        "rev": "43975d782b418ebf4969e9ccba82466728c2851b",
        "type": "github"
      },
      "original": {
        "owner": "lnl7",
        "ref": "master",
        "repo": "nix-darwin",
        "type": "github"
      }
    },
    "disko": {
      "inputs": {
        "nixpkgs": [
          "nixpkgs"
        ]
      },
      "locked": {
        "lastModified": 1768923567,
        "narHash": "sha256-GVJ0jKsyXLuBzRMXCDY6D5J8wVdwP1DuQmmvYL/Vw/Q=",
        "owner": "nix-community",
        "repo": "disko",
        "rev": "00395d188e3594a1507f214a2f15d4ce5c07cb28",
        "type": "github"
      },
      "original": {
        "owner": "nix-community",
        "repo": "disko",
        "type": "github"
      }
    },
    "flake-compat": {
      "flake": false,
      "locked": {
        "lastModified": 1747046372,
        "narHash": "sha256-CIVLLkVgvHYbgI2UpXvIIBJ12HWgX+fjA8Xf8PUmqCY=",
        "owner": "edolstra",
        "repo": "flake-compat",
        "rev": "9100a0f413b0c601e0533d1d94ffd501ce2e7885",
        "type": "github"
      },
      "original": {
        "owner": "edolstra",
        "repo": "flake-compat",
        "type": "github"
      }
    },
    "flake-utils": {
      "locked": {
        "lastModified": 1678901627,
        "narHash": "sha256-U02riOqrKKzwjsxc/400XnElV+UtPUQWpANPlyazjH0=",
        "owner": "numtide",
        "repo": "flake-utils",
        "rev": "93a2b84fc4b70d9e089d029deacc3583435c2ed6",
        "type": "github"
      },
      "original": {
        "owner": "numtide",
        "repo": "flake-utils",
        "type": "github"
      }
    },
    "flake-utils_2": {
      "inputs": {
        "systems": "systems_2"
      },
      "locked": {
        "lastModified": 1731533236,
        "narHash": "sha256-l0KFg5HjrsfsO/JpG+r7fRrqm12kzFHyUHqHCVpMMbI=",
        "owner": "numtide",
        "repo": "flake-utils",
        "rev": "11707dc2f618dd54ca8739b309ec4fc024de578b",
        "type": "github"
      },
      "original": {
        "owner": "numtide",
        "repo": "flake-utils",
        "type": "github"
      }
    },
    "home-manager": {
      "inputs": {
        "nixpkgs": [
          "agenix",
          "nixpkgs"
        ]
      },
      "locked": {
        "lastModified": 1745494811,
        "narHash": "sha256-YZCh2o9Ua1n9uCvrvi5pRxtuVNml8X2a03qIFfRKpFs=",
        "owner": "nix-community",
        "repo": "home-manager",
        "rev": "abfad3d2958c9e6300a883bd443512c55dfeb1be",
        "type": "github"
      },
      "original": {
        "owner": "nix-community",
        "repo": "home-manager",
        "type": "github"
      }
    },
    "nix-minecraft": {
      "inputs": {
        "flake-compat": "flake-compat",
        "flake-utils": "flake-utils_2",
        "nixpkgs": "nixpkgs_3"
      },
      "locked": {
        "lastModified": 1768962252,
        "narHash": "sha256-HyWOOHcySV8rl36gs4+n0sxPinxpwWOgwXibfFPYeZ0=",
        "owner": "Infinidoge",
        "repo": "nix-minecraft",
        "rev": "433cf697394104123e1fd02fa689534ac1733bfa",
        "type": "github"
      },
      "original": {
        "owner": "Infinidoge",
        "repo": "nix-minecraft",
        "type": "github"
      }
    },
    "nixarr": {
      "inputs": {
        "nixpkgs": "nixpkgs_4",
        "vpnconfinement": "vpnconfinement",
        "website-builder": "website-builder"
      },
      "locked": {
        "lastModified": 1765731404,
        "narHash": "sha256-eIEh60iK0L4X7UHj7dOZWZEkmWRA1H7ovjVJsfrPavQ=",
        "owner": "rasmus-kirk",
        "repo": "nixarr",
        "rev": "204da9209ad4e921c3562a6bca5ac8ad5b6ed9bc",
        "type": "github"
      },
      "original": {
        "owner": "rasmus-kirk",
        "repo": "nixarr",
        "type": "github"
      }
    },
    "nixpkgs": {
      "locked": {
        "lastModified": 1754028485,
        "narHash": "sha256-IiiXB3BDTi6UqzAZcf2S797hWEPCRZOwyNThJIYhUfk=",
        "owner": "NixOS",
        "repo": "nixpkgs",
        "rev": "59e69648d345d6e8fef86158c555730fa12af9de",
        "type": "github"
      },
      "original": {
        "owner": "NixOS",
        "ref": "nixos-25.05",
        "repo": "nixpkgs",
        "type": "github"
      }
    },
    "nixpkgs_2": {
      "locked": {
        "lastModified": 1748162331,
        "narHash": "sha256-rqc2RKYTxP3tbjA+PB3VMRQNnjesrT0pEofXQTrMsS8=",
        "owner": "NixOS",
        "repo": "nixpkgs",
        "rev": "7c43f080a7f28b2774f3b3f43234ca11661bf334",
        "type": "github"
      },
      "original": {
        "id": "nixpkgs",
        "ref": "nixos-25.05",
        "type": "indirect"
      }
    },
    "nixpkgs_3": {
      "locked": {
        "lastModified": 1748929857,
        "narHash": "sha256-lcZQ8RhsmhsK8u7LIFsJhsLh/pzR9yZ8yqpTzyGdj+Q=",
        "owner": "nixos",
        "repo": "nixpkgs",
        "rev": "c2a03962b8e24e669fb37b7df10e7c79531ff1a4",
        "type": "github"
      },
      "original": {
        "owner": "nixos",
        "ref": "nixos-unstable",
        "repo": "nixpkgs",
        "type": "github"
      }
    },
    "nixpkgs_4": {
      "locked": {
        "lastModified": 1765608474,
        "narHash": "sha256-9Wx53UK0z8Di5iesJID0tS1dRKwGxI4i7tsSanOHhF0=",
        "owner": "nixos",
        "repo": "nixpkgs",
        "rev": "28bb483c11a1214a73f9fd2d9928a6e2ea86ec71",
        "type": "github"
      },
      "original": {
        "owner": "nixos",
        "ref": "nixos-25.11",
        "repo": "nixpkgs",
        "type": "github"
      }
    },
    "nixpkgs_5": {
      "locked": {
        "lastModified": 1769330179,
        "narHash": "sha256-yxgb4AmkVHY5OOBrC79Vv6EVd4QZEotqv+6jcvA212M=",
        "owner": "NixOS",
        "repo": "nixpkgs",
        "rev": "48698d12cc10555a4f3e3222d9c669b884a49dfe",
        "type": "github"
      },
      "original": {
        "owner": "NixOS",
        "ref": "nixpkgs-unstable",
        "repo": "nixpkgs",
        "type": "github"
      }
    },
    "root": {
      "inputs": {
        "agenix": "agenix",
        "copyparty": "copyparty",
        "disko": "disko",
        "nix-minecraft": "nix-minecraft",
        "nixarr": "nixarr",
        "nixpkgs": "nixpkgs_5"
      }
    },
    "systems": {
      "locked": {
        "lastModified": 1681028828,
        "narHash": "sha256-Vy1rq5AaRuLzOxct8nz4T6wlgyUR7zLU309k9mBC768=",
        "owner": "nix-systems",
        "repo": "default",
        "rev": "da67096a3b9bf56a91d16901293e51ba5b49a27e",
        "type": "github"
      },
      "original": {
        "owner": "nix-systems",
        "repo": "default",
        "type": "github"
      }
    },
    "systems_2": {
      "locked": {
        "lastModified": 1681028828,
        "narHash": "sha256-Vy1rq5AaRuLzOxct8nz4T6wlgyUR7zLU309k9mBC768=",
        "owner": "nix-systems",
        "repo": "default",
        "rev": "da67096a3b9bf56a91d16901293e51ba5b49a27e",
        "type": "github"
      },
      "original": {
        "owner": "nix-systems",
        "repo": "default",
        "type": "github"
      }
    },
    "vpnconfinement": {
      "locked": {
        "lastModified": 1765634578,
        "narHash": "sha256-Fujb9sn1cj+u/bzfo2RbQkcAvJ7Ch1pimJzFie4ptb4=",
        "owner": "Maroka-chan",
        "repo": "VPN-Confinement",
        "rev": "f2989e1e3cb06c7185939e9ddc368f88b998616a",
        "type": "github"
      },
      "original": {
        "owner": "Maroka-chan",
        "repo": "VPN-Confinement",
        "type": "github"
      }
    },
    "website-builder": {
      "inputs": {
        "nixpkgs": [
          "nixarr",
          "nixpkgs"
        ]
      },
      "locked": {
        "lastModified": 1753958235,
        "narHash": "sha256-Rd27XQJKv8Z4BCr3gdbaHFd0TmumiGxdjGRzsEf/mOg=",
        "owner": "rasmus-kirk",
        "repo": "website-builder",
        "rev": "00a14b7ae7baef2197978ba7c3fe72dfca7bc475",
        "type": "github"
      },
      "original": {
        "owner": "rasmus-kirk",
        "repo": "website-builder",
        "type": "github"
      }
    }
  },
  "root": "root",
  "version": 7
}
